
Microsoft Visual Studio Solution File, Format Version 12.00
# Visual Studio Version 16
VisualStudioVersion = 16.0.31025.194
MinimumVisualStudioVersion = 10.0.40219.1
Project("{FAE04EC0-301F-11D3-BF4B-00C04F79EFBC}") = "ExamenParcial1.Android", "ExamenParcial1\ExamenParcial1.Android\ExamenParcial1.Android.csproj", "{EB1F8736-6D7C-4AD9-B50A-C91F9B15CE18}"
EndProject
Project("{FAE04EC0-301F-11D3-BF4B-00C04F79EFBC}") = "ExamenParcial1.iOS", "ExamenParcial1\ExamenParcial1.iOS\ExamenParcial1.iOS.csproj", "{EF705FE3-0299-4F07-BF2C-524CC3A861DC}"
EndProject
Project("{FAE04EC0-301F-11D3-BF4B-00C04F79EFBC}") = "ExamenParcial1", "ExamenParcial1\ExamenParcial1\ExamenParcial1.csproj", "{03C5143F-70FF-4825-8348-B5CEB75385C5}"
EndProject
Global
	GlobalSection(SolutionConfigurationPlatforms) = preSolution
		Debug|Any CPU = Debug|Any CPU
		Debug|iPhone = Debug|iPhone
		Debug|iPhoneSimulator = Debug|iPhoneSimulator
		Release|Any CPU = Release|Any CPU
		Release|iPhone = Release|iPhone
		Release|iPhoneSimulator = Release|iPhoneSimulator
	EndGlobalSection
	GlobalSection(ProjectConfigurationPlatforms) = postSolution
		{EB1F8736-6D7C-4AD9-B50A-C91F9B15CE18}.Debug|Any CPU.ActiveCfg = Debug|Any CPU
		{EB1F8736-6D7C-4AD9-B50A-C91F9B15CE18}.Debug|Any CPU.Build.0 = Debug|Any CPU
		{EB1F8736-6D7C-4AD9-B50A-C91F9B15CE18}.Debug|Any CPU.Deploy.0 = Debug|Any CPU
		{EB1F8736-6D7C-4AD9-B50A-C91F9B15CE18}.Debug|iPhone.ActiveCfg = Debug|Any CPU
		{EB1F8736-6D7C-4AD9-B50A-C91F9B15CE18}.Debug|iPhone.Build.0 = Debug|Any CPU
		{EB1F8736-6D7C-4AD9-B50A-C91F9B15CE18}.Debug|iPhone.Deploy.0 = Debug|Any CPU
		{EB1F8736-6D7C-4AD9-B50A-C91F9B15CE18}.Debug|iPhoneSimulator.ActiveCfg = Debug|Any CPU
		{EB1F8736-6D7C-4AD9-B50A-C91F9B15CE18}.Debug|iPhoneSimulator.Build.0 = Debug|Any CPU
		{EB1F8736-6D7C-4AD9-B50A-C91F9B15CE18}.Debug|iPhoneSimulator.Deploy.0 = Debug|Any CPU
		{EB1F8736-6D7C-4AD9-B50A-C91F9B15CE18}.Release|Any CPU.ActiveCfg = Release|Any CPU
		{EB1F8736-6D7C-4AD9-B50A-C91F9B15CE18}.Release|Any CPU.Build.0 = Release|Any CPU
		{EB1F8736-6D7C-4AD9-B50A-C91F9B15CE18}.Release|Any CPU.Deploy.0 = Release|Any CPU
		{EB1F8736-6D7C-4AD9-B50A-C91F9B15CE18}.Release|iPhone.ActiveCfg = Release|Any CPU
		{EB1F8736-6D7C-4AD9-B50A-C91F9B15CE18}.Release|iPhone.Build.0 = Release|Any CPU
		{EB1F8736-6D7C-4AD9-B50A-C91F9B15CE18}.Release|iPhone.Deploy.0 = Release|Any CPU
		{EB1F8736-6D7C-4AD9-B50A-C91F9B15CE18}.Release|iPhoneSimulator.ActiveCfg = Release|Any CPU
		{EB1F8736-6D7C-4AD9-B50A-C91F9B15CE18}.Release|iPhoneSimulator.Build.0 = Release|Any CPU
		{EB1F8736-6D7C-4AD9-B50A-C91F9B15CE18}.Release|iPhoneSimulator.Deploy.0 = Release|Any CPU
		{EF705FE3-0299-4F07-BF2C-524CC3A861DC}.Debug|Any CPU.ActiveCfg = Debug|iPhone
		{EF705FE3-0299-4F07-BF2C-524CC3A861DC}.Debug|Any CPU.Build.0 = Debug|iPhone
		{EF705FE3-0299-4F07-BF2C-524CC3A861DC}.Debug|Any CPU.Deploy.0 = Debug|iPhone
		{EF705FE3-0299-4F07-BF2C-524CC3A861DC}.Debug|iPhone.ActiveCfg = Debug|iPhone
		{EF705FE3-0299-4F07-BF2C-524CC3A861DC}.Debug|iPhone.Build.0 = Debug|iPhone
		{EF705FE3-0299-4F07-BF2C-524CC3A861DC}.Debug|iPhone.Deploy.0 = Debug|iPhone
		{EF705FE3-0299-4F07-BF2C-524CC3A861DC}.Debug|iPhoneSimulator.ActiveCfg = Debug|iPhoneSimulator
		{EF705FE3-0299-4F07-BF2C-524CC3A861DC}.Debug|iPhoneSimulator.Build.0 = Debug|iPhoneSimulator
		{EF705FE3-0299-4F07-BF2C-524CC3A861DC}.Debug|iPhoneSimulator.Deploy.0 = Debug|iPhoneSimulator
		{EF705FE3-0299-4F07-BF2C-524CC3A861DC}.Release|Any CPU.ActiveCfg = Release|iPhoneSimulator
		{EF705FE3-0299-4F07-BF2C-524CC3A861DC}.Release|Any CPU.Build.0 = Release|iPhoneSimulator
		{EF705FE3-0299-4F07-BF2C-524CC3A861DC}.Release|Any CPU.Deploy.0 = Release|iPhoneSimulator
		{EF705FE3-0299-4F07-BF2C-524CC3A861DC}.Release|iPhone.ActiveCfg = Release|iPhone
		{EF705FE3-0299-4F07-BF2C-524CC3A861DC}.Release|iPhone.Build.0 = Release|iPhone
		{EF705FE3-0299-4F07-BF2C-524CC3A861DC}.Release|iPhone.Deploy.0 = Release|iPhone
		{EF705FE3-0299-4F07-BF2C-524CC3A861DC}.Release|iPhoneSimulator.ActiveCfg = Release|iPhoneSimulator
		{EF705FE3-0299-4F07-BF2C-524CC3A861DC}.Release|iPhoneSimulator.Build.0 = Release|iPhoneSimulator
		{EF705FE3-0299-4F07-BF2C-524CC3A861DC}.Release|iPhoneSimulator.Deploy.0 = Release|iPhoneSimulator
		{03C5143F-70FF-4825-8348-B5CEB75385C5}.Debug|Any CPU.ActiveCfg = Debug|Any CPU
		{03C5143F-70FF-4825-8348-B5CEB75385C5}.Debug|Any CPU.Build.0 = Debug|Any CPU
		{03C5143F-70FF-4825-8348-B5CEB75385C5}.Debug|Any CPU.Deploy.0 = Debug|Any CPU
		{03C5143F-70FF-4825-8348-B5CEB75385C5}.Debug|iPhone.ActiveCfg = Debug|Any CPU
		{03C5143F-70FF-4825-8348-B5CEB75385C5}.Debug|iPhone.Build.0 = Debug|Any CPU
		{03C5143F-70FF-4825-8348-B5CEB75385C5}.Debug|iPhone.Deploy.0 = Debug|Any CPU
		{03C5143F-70FF-4825-8348-B5CEB75385C5}.Debug|iPhoneSimulator.ActiveCfg = Debug|Any CPU
		{03C5143F-70FF-4825-8348-B5CEB75385C5}.Debug|iPhoneSimulator.Build.0 = Debug|Any CPU
		{03C5143F-70FF-4825-8348-B5CEB75385C5}.Debug|iPhoneSimulator.Deploy.0 = Debug|Any CPU
		{03C5143F-70FF-4825-8348-B5CEB75385C5}.Release|Any CPU.ActiveCfg = Release|Any CPU
		{03C5143F-70FF-4825-8348-B5CEB75385C5}.Release|Any CPU.Build.0 = Release|Any CPU
		{03C5143F-70FF-4825-8348-B5CEB75385C5}.Release|Any CPU.Deploy.0 = Release|Any CPU
		{03C5143F-70FF-4825-8348-B5CEB75385C5}.Release|iPhone.ActiveCfg = Release|Any CPU
		{03C5143F-70FF-4825-8348-B5CEB75385C5}.Release|iPhone.Build.0 = Release|Any CPU
		{03C5143F-70FF-4825-8348-B5CEB75385C5}.Release|iPhone.Deploy.0 = Release|Any CPU
		{03C5143F-70FF-4825-8348-B5CEB75385C5}.Release|iPhoneSimulator.ActiveCfg = Release|Any CPU
		{03C5143F-70FF-4825-8348-B5CEB75385C5}.Release|iPhoneSimulator.Build.0 = Release|Any CPU
		{03C5143F-70FF-4825-8348-B5CEB75385C5}.Release|iPhoneSimulator.Deploy.0 = Release|Any CPU
	EndGlobalSection
	GlobalSection(SolutionProperties) = preSolution
		HideSolutionNode = FALSE
	EndGlobalSection
	GlobalSection(ExtensibilityGlobals) = postSolution
		SolutionGuid = {82724CF6-6BE3-41F3-AB21-E065950390D3}
	EndGlobalSection
EndGlobal
